
Microsoft Visual Studio Solution File, Format Version 12.00
# Visual Studio Version 16
VisualStudioVersion = 25.0.1706.14
MinimumVisualStudioVersion = 10.0.40219.1
Project("{FAE04EC0-301F-11D3-BF4B-00C04F79EFBC}") = "JwtAuth", "JwtAuth.csproj", "{C5C2EFC0-942F-4702-AC94-6D9615164224}"
EndProject
Global
	GlobalSection(SolutionConfigurationPlatforms) = preSolution
		Debug|Any CPU = Debug|Any CPU
		Release|Any CPU = Release|Any CPU
	EndGlobalSection
	GlobalSection(ProjectConfigurationPlatforms) = postSolution
		{C5C2EFC0-942F-4702-AC94-6D9615164224}.Debug|Any CPU.ActiveCfg = Debug|Any CPU
		{C5C2EFC0-942F-4702-AC94-6D9615164224}.Debug|Any CPU.Build.0 = Debug|Any CPU
		{C5C2EFC0-942F-4702-AC94-6D9615164224}.Release|Any CPU.ActiveCfg = Release|Any CPU
		{C5C2EFC0-942F-4702-AC94-6D9615164224}.Release|Any CPU.Build.0 = Release|Any CPU
	EndGlobalSection
	GlobalSection(SolutionProperties) = preSolution
		HideSolutionNode = FALSE
	EndGlobalSection
	GlobalSection(ExtensibilityGlobals) = postSolution
		SolutionGuid = {EF1D7EFE-CBA5-4C28-9ACA-4F246B005C33}
	EndGlobalSection
EndGlobal
